
Microsoft Visual Studio Solution File, Format Version 12.00
# Visual Studio 2012
Project("{8BC9CEB8-8B4A-11D0-8D11-00A0C91BC942}") = "Ejercicio 6", "Ejercicio 6\Ejercicio 6.vcxproj", "{A71D21F0-8861-479C-90D1-D0E92EC77DAF}"
EndProject
Global
	GlobalSection(SolutionConfigurationPlatforms) = preSolution
		Debug|Win32 = Debug|Win32
		Release|Win32 = Release|Win32
	EndGlobalSection
	GlobalSection(ProjectConfigurationPlatforms) = postSolution
		{A71D21F0-8861-479C-90D1-D0E92EC77DAF}.Debug|Win32.ActiveCfg = Debug|Win32
		{A71D21F0-8861-479C-90D1-D0E92EC77DAF}.Debug|Win32.Build.0 = Debug|Win32
		{A71D21F0-8861-479C-90D1-D0E92EC77DAF}.Release|Win32.ActiveCfg = Release|Win32
		{A71D21F0-8861-479C-90D1-D0E92EC77DAF}.Release|Win32.Build.0 = Release|Win32
	EndGlobalSection
	GlobalSection(SolutionProperties) = preSolution
		HideSolutionNode = FALSE
	EndGlobalSection
EndGlobal
