
Microsoft Visual Studio Solution File, Format Version 12.00
# Visual Studio 2012
Project("{8BC9CEB8-8B4A-11D0-8D11-00A0C91BC942}") = "Ejercicio 16", "Ejercicio 16\Ejercicio 16.vcxproj", "{0C72C877-EB41-4A15-A76B-B96718B65E9C}"
EndProject
Global
	GlobalSection(SolutionConfigurationPlatforms) = preSolution
		Debug|Win32 = Debug|Win32
		Release|Win32 = Release|Win32
	EndGlobalSection
	GlobalSection(ProjectConfigurationPlatforms) = postSolution
		{0C72C877-EB41-4A15-A76B-B96718B65E9C}.Debug|Win32.ActiveCfg = Debug|Win32
		{0C72C877-EB41-4A15-A76B-B96718B65E9C}.Debug|Win32.Build.0 = Debug|Win32
		{0C72C877-EB41-4A15-A76B-B96718B65E9C}.Release|Win32.ActiveCfg = Release|Win32
		{0C72C877-EB41-4A15-A76B-B96718B65E9C}.Release|Win32.Build.0 = Release|Win32
	EndGlobalSection
	GlobalSection(SolutionProperties) = preSolution
		HideSolutionNode = FALSE
	EndGlobalSection
EndGlobal
